// !$*UTF8*$!
{
	archiveVersion = 1;
	classes = {
	};
	objectVersion = 56;
	objects = {

/* Begin PBXBuildFile section */
		7C021B892D3F7CEF00517F23 /* AddedMeView.swift in Sources */ = {isa = PBXBuildFile; fileRef = 7C021B882D3F7CEF00517F23 /* AddedMeView.swift */; };
		7C021B8B2D42BA2B00517F23 /* AddFriendsViewModel.swift in Sources */ = {isa = PBXBuildFile; fileRef = 7C021B8A2D42BA2B00517F23 /* AddFriendsViewModel.swift */; };
		7C16DAB72D3236160097BFDB /* StrokeCounterView.swift in Sources */ = {isa = PBXBuildFile; fileRef = 7C16DAB62D3236160097BFDB /* StrokeCounterView.swift */; };
		7C16DAB92D3236330097BFDB /* StrokeHistoryView.swift in Sources */ = {isa = PBXBuildFile; fileRef = 7C16DAB82D3236330097BFDB /* StrokeHistoryView.swift */; };
		7C16DABC2D3236630097BFDB /* UploadScorecardView.swift in Sources */ = {isa = PBXBuildFile; fileRef = 7C16DABB2D3236630097BFDB /* UploadScorecardView.swift */; };
		7C16DABF2D3236840097BFDB /* SocialView.swift in Sources */ = {isa = PBXBuildFile; fileRef = 7C16DABE2D3236840097BFDB /* SocialView.swift */; };
		7C32472D2CA36DAE00A26CC7 /* SignupView.swift in Sources */ = {isa = PBXBuildFile; fileRef = 7C32472C2CA36DAE00A26CC7 /* SignupView.swift */; };
		7C32472F2CA376A700A26CC7 /* LoginView.swift in Sources */ = {isa = PBXBuildFile; fileRef = 7C32472E2CA376A700A26CC7 /* LoginView.swift */; };
		7C3BFBEC2C8F6A9B00F7F369 /* SubParProjectApp.swift in Sources */ = {isa = PBXBuildFile; fileRef = 7C3BFBEB2C8F6A9B00F7F369 /* SubParProjectApp.swift */; };
		7C3BFBEE2C8F6A9B00F7F369 /* HomeView.swift in Sources */ = {isa = PBXBuildFile; fileRef = 7C3BFBED2C8F6A9B00F7F369 /* HomeView.swift */; };
		7C3BFBF02C8F6A9E00F7F369 /* Assets.xcassets in Resources */ = {isa = PBXBuildFile; fileRef = 7C3BFBEF2C8F6A9E00F7F369 /* Assets.xcassets */; };
		7C3BFBF32C8F6A9E00F7F369 /* Preview Assets.xcassets in Resources */ = {isa = PBXBuildFile; fileRef = 7C3BFBF22C8F6A9E00F7F369 /* Preview Assets.xcassets */; };
		7C3BFBFD2C8F6A9E00F7F369 /* SubParProjectTests.swift in Sources */ = {isa = PBXBuildFile; fileRef = 7C3BFBFC2C8F6A9E00F7F369 /* SubParProjectTests.swift */; };
		7C3BFC072C8F6A9E00F7F369 /* SubParProjectUITests.swift in Sources */ = {isa = PBXBuildFile; fileRef = 7C3BFC062C8F6A9E00F7F369 /* SubParProjectUITests.swift */; };
		7C3BFC092C8F6A9E00F7F369 /* SubParProjectUITestsLaunchTests.swift in Sources */ = {isa = PBXBuildFile; fileRef = 7C3BFC082C8F6A9E00F7F369 /* SubParProjectUITestsLaunchTests.swift */; };
		7C456C0A2D34CACE00F170BF /* StrokeCounterViewModel.swift in Sources */ = {isa = PBXBuildFile; fileRef = 7C456C092D34CACE00F170BF /* StrokeCounterViewModel.swift */; };
		7C456C0D2D34CEB000F170BF /* RecordStrokeView.swift in Sources */ = {isa = PBXBuildFile; fileRef = 7C456C0C2D34CEB000F170BF /* RecordStrokeView.swift */; };
		7C456C0F2D34DE1C00F170BF /* RecordStrokeViewModel.swift in Sources */ = {isa = PBXBuildFile; fileRef = 7C456C0E2D34DE1C00F170BF /* RecordStrokeViewModel.swift */; };
		7C8CA7602D3CD86C00F023A8 /* UploadScorecardViewModel.swift in Sources */ = {isa = PBXBuildFile; fileRef = 7C8CA75F2D3CD86C00F023A8 /* UploadScorecardViewModel.swift */; };
		7C9570512D3F6AB8005EC722 /* SocialViewModel.swift in Sources */ = {isa = PBXBuildFile; fileRef = 7C9570502D3F6AB8005EC722 /* SocialViewModel.swift */; };
		7C9570542D3F7754005EC722 /* AddFriendsView.swift in Sources */ = {isa = PBXBuildFile; fileRef = 7C9570532D3F7754005EC722 /* AddFriendsView.swift */; };
		7CD146272D42E4EE002AF8B5 /* AddProfileView.swift in Sources */ = {isa = PBXBuildFile; fileRef = 7CD146262D42E4EE002AF8B5 /* AddProfileView.swift */; };
		7CE0F47D2CB6FD0700094A39 /* LoginViewModel.swift in Sources */ = {isa = PBXBuildFile; fileRef = 7CE0F47C2CB6FD0700094A39 /* LoginViewModel.swift */; };
		7CEACB062D3A497100A1B54B /* StrokeHistoryViewModel.swift in Sources */ = {isa = PBXBuildFile; fileRef = 7CEACB052D3A497100A1B54B /* StrokeHistoryViewModel.swift */; };
		7CFCECCB2CB60AE500359D20 /* MainView.swift in Sources */ = {isa = PBXBuildFile; fileRef = 7CFCECCA2CB60AE500359D20 /* MainView.swift */; };
		7CFCECCF2CB62F9C00359D20 /* SignupViewModel.swift in Sources */ = {isa = PBXBuildFile; fileRef = 7CFCECCE2CB62F9C00359D20 /* SignupViewModel.swift */; };
		7CFCECD22CB633DF00359D20 /* UserAuth.swift in Sources */ = {isa = PBXBuildFile; fileRef = 7CFCECD12CB633DF00359D20 /* UserAuth.swift */; };
		7CFCECD52CB6373900359D20 /* NavigationManagerView.swift in Sources */ = {isa = PBXBuildFile; fileRef = 7CFCECD42CB6373900359D20 /* NavigationManagerView.swift */; };
		7CFCECD72CB6375000359D20 /* NavigationManagerViewModel.swift in Sources */ = {isa = PBXBuildFile; fileRef = 7CFCECD62CB6375000359D20 /* NavigationManagerViewModel.swift */; };
/* End PBXBuildFile section */

/* Begin PBXContainerItemProxy section */
		7C3BFBF92C8F6A9E00F7F369 /* PBXContainerItemProxy */ = {
			isa = PBXContainerItemProxy;
			containerPortal = 7C3BFBE02C8F6A9B00F7F369 /* Project object */;
			proxyType = 1;
			remoteGlobalIDString = 7C3BFBE72C8F6A9B00F7F369;
			remoteInfo = SubParProject;
		};
		7C3BFC032C8F6A9E00F7F369 /* PBXContainerItemProxy */ = {
			isa = PBXContainerItemProxy;
			containerPortal = 7C3BFBE02C8F6A9B00F7F369 /* Project object */;
			proxyType = 1;
			remoteGlobalIDString = 7C3BFBE72C8F6A9B00F7F369;
			remoteInfo = SubParProject;
		};
/* End PBXContainerItemProxy section */

/* Begin PBXFileReference section */
		7C021B882D3F7CEF00517F23 /* AddedMeView.swift */ = {isa = PBXFileReference; lastKnownFileType = sourcecode.swift; path = AddedMeView.swift; sourceTree = "<group>"; };
		7C021B8A2D42BA2B00517F23 /* AddFriendsViewModel.swift */ = {isa = PBXFileReference; lastKnownFileType = sourcecode.swift; path = AddFriendsViewModel.swift; sourceTree = "<group>"; };
		7C16DAB62D3236160097BFDB /* StrokeCounterView.swift */ = {isa = PBXFileReference; lastKnownFileType = sourcecode.swift; path = StrokeCounterView.swift; sourceTree = "<group>"; };
		7C16DAB82D3236330097BFDB /* StrokeHistoryView.swift */ = {isa = PBXFileReference; lastKnownFileType = sourcecode.swift; path = StrokeHistoryView.swift; sourceTree = "<group>"; };
		7C16DABB2D3236630097BFDB /* UploadScorecardView.swift */ = {isa = PBXFileReference; lastKnownFileType = sourcecode.swift; path = UploadScorecardView.swift; sourceTree = "<group>"; };
		7C16DABE2D3236840097BFDB /* SocialView.swift */ = {isa = PBXFileReference; lastKnownFileType = sourcecode.swift; path = SocialView.swift; sourceTree = "<group>"; };
		7C32472C2CA36DAE00A26CC7 /* SignupView.swift */ = {isa = PBXFileReference; lastKnownFileType = sourcecode.swift; path = SignupView.swift; sourceTree = "<group>"; };
		7C32472E2CA376A700A26CC7 /* LoginView.swift */ = {isa = PBXFileReference; lastKnownFileType = sourcecode.swift; path = LoginView.swift; sourceTree = "<group>"; };
		7C3BFBE82C8F6A9B00F7F369 /* SubParProject.app */ = {isa = PBXFileReference; explicitFileType = wrapper.application; includeInIndex = 0; path = SubParProject.app; sourceTree = BUILT_PRODUCTS_DIR; };
		7C3BFBEB2C8F6A9B00F7F369 /* SubParProjectApp.swift */ = {isa = PBXFileReference; lastKnownFileType = sourcecode.swift; path = SubParProjectApp.swift; sourceTree = "<group>"; };
		7C3BFBED2C8F6A9B00F7F369 /* HomeView.swift */ = {isa = PBXFileReference; lastKnownFileType = sourcecode.swift; path = HomeView.swift; sourceTree = "<group>"; };
		7C3BFBEF2C8F6A9E00F7F369 /* Assets.xcassets */ = {isa = PBXFileReference; lastKnownFileType = folder.assetcatalog; path = Assets.xcassets; sourceTree = "<group>"; };
		7C3BFBF22C8F6A9E00F7F369 /* Preview Assets.xcassets */ = {isa = PBXFileReference; lastKnownFileType = folder.assetcatalog; path = "Preview Assets.xcassets"; sourceTree = "<group>"; };
		7C3BFBF82C8F6A9E00F7F369 /* SubParProjectTests.xctest */ = {isa = PBXFileReference; explicitFileType = wrapper.cfbundle; includeInIndex = 0; path = SubParProjectTests.xctest; sourceTree = BUILT_PRODUCTS_DIR; };
		7C3BFBFC2C8F6A9E00F7F369 /* SubParProjectTests.swift */ = {isa = PBXFileReference; lastKnownFileType = sourcecode.swift; path = SubParProjectTests.swift; sourceTree = "<group>"; };
		7C3BFC022C8F6A9E00F7F369 /* SubParProjectUITests.xctest */ = {isa = PBXFileReference; explicitFileType = wrapper.cfbundle; includeInIndex = 0; path = SubParProjectUITests.xctest; sourceTree = BUILT_PRODUCTS_DIR; };
		7C3BFC062C8F6A9E00F7F369 /* SubParProjectUITests.swift */ = {isa = PBXFileReference; lastKnownFileType = sourcecode.swift; path = SubParProjectUITests.swift; sourceTree = "<group>"; };
		7C3BFC082C8F6A9E00F7F369 /* SubParProjectUITestsLaunchTests.swift */ = {isa = PBXFileReference; lastKnownFileType = sourcecode.swift; path = SubParProjectUITestsLaunchTests.swift; sourceTree = "<group>"; };
		7C456C092D34CACE00F170BF /* StrokeCounterViewModel.swift */ = {isa = PBXFileReference; lastKnownFileType = sourcecode.swift; path = StrokeCounterViewModel.swift; sourceTree = "<group>"; };
		7C456C0C2D34CEB000F170BF /* RecordStrokeView.swift */ = {isa = PBXFileReference; lastKnownFileType = sourcecode.swift; path = RecordStrokeView.swift; sourceTree = "<group>"; };
		7C456C0E2D34DE1C00F170BF /* RecordStrokeViewModel.swift */ = {isa = PBXFileReference; lastKnownFileType = sourcecode.swift; path = RecordStrokeViewModel.swift; sourceTree = "<group>"; };
		7C8CA75F2D3CD86C00F023A8 /* UploadScorecardViewModel.swift */ = {isa = PBXFileReference; lastKnownFileType = sourcecode.swift; path = UploadScorecardViewModel.swift; sourceTree = "<group>"; };
		7C9570502D3F6AB8005EC722 /* SocialViewModel.swift */ = {isa = PBXFileReference; lastKnownFileType = sourcecode.swift; path = SocialViewModel.swift; sourceTree = "<group>"; };
		7C9570532D3F7754005EC722 /* AddFriendsView.swift */ = {isa = PBXFileReference; lastKnownFileType = sourcecode.swift; path = AddFriendsView.swift; sourceTree = "<group>"; };
		7CD146262D42E4EE002AF8B5 /* AddProfileView.swift */ = {isa = PBXFileReference; lastKnownFileType = sourcecode.swift; path = AddProfileView.swift; sourceTree = "<group>"; };
		7CE0F47C2CB6FD0700094A39 /* LoginViewModel.swift */ = {isa = PBXFileReference; lastKnownFileType = sourcecode.swift; path = LoginViewModel.swift; sourceTree = "<group>"; };
		7CEACB052D3A497100A1B54B /* StrokeHistoryViewModel.swift */ = {isa = PBXFileReference; lastKnownFileType = sourcecode.swift; path = StrokeHistoryViewModel.swift; sourceTree = "<group>"; };
		7CFCECCA2CB60AE500359D20 /* MainView.swift */ = {isa = PBXFileReference; lastKnownFileType = sourcecode.swift; path = MainView.swift; sourceTree = "<group>"; };
		7CFCECCE2CB62F9C00359D20 /* SignupViewModel.swift */ = {isa = PBXFileReference; lastKnownFileType = sourcecode.swift; path = SignupViewModel.swift; sourceTree = "<group>"; };
		7CFCECD12CB633DF00359D20 /* UserAuth.swift */ = {isa = PBXFileReference; lastKnownFileType = sourcecode.swift; path = UserAuth.swift; sourceTree = "<group>"; };
		7CFCECD42CB6373900359D20 /* NavigationManagerView.swift */ = {isa = PBXFileReference; lastKnownFileType = sourcecode.swift; path = NavigationManagerView.swift; sourceTree = "<group>"; };
		7CFCECD62CB6375000359D20 /* NavigationManagerViewModel.swift */ = {isa = PBXFileReference; lastKnownFileType = sourcecode.swift; path = NavigationManagerViewModel.swift; sourceTree = "<group>"; };
/* End PBXFileReference section */

/* Begin PBXFrameworksBuildPhase section */
		7C3BFBE52C8F6A9B00F7F369 /* Frameworks */ = {
			isa = PBXFrameworksBuildPhase;
			buildActionMask = 2147483647;
			files = (
			);
			runOnlyForDeploymentPostprocessing = 0;
		};
		7C3BFBF52C8F6A9E00F7F369 /* Frameworks */ = {
			isa = PBXFrameworksBuildPhase;
			buildActionMask = 2147483647;
			files = (
			);
			runOnlyForDeploymentPostprocessing = 0;
		};
		7C3BFBFF2C8F6A9E00F7F369 /* Frameworks */ = {
			isa = PBXFrameworksBuildPhase;
			buildActionMask = 2147483647;
			files = (
			);
			runOnlyForDeploymentPostprocessing = 0;
		};
/* End PBXFrameworksBuildPhase section */

/* Begin PBXGroup section */
		7C021B872D3F7CD100517F23 /* AddedMe */ = {
			isa = PBXGroup;
			children = (
				7C021B882D3F7CEF00517F23 /* AddedMeView.swift */,
			);
			path = AddedMe;
			sourceTree = "<group>";
		};
		7C16DAB52D3235CD0097BFDB /* MainViews */ = {
			isa = PBXGroup;
			children = (
				7CE9F3E62D3F69F500BEC8D5 /* Social */,
				7C7F42992D3CD5F900E9A812 /* UploadScorecard */,
				7CEACB042D3A494D00A1B54B /* StrokeHistory */,
				7C456C082D34CAAE00F170BF /* StrokeCounter */,
				7CFCECCA2CB60AE500359D20 /* MainView.swift */,
			);
			path = MainViews;
			sourceTree = "<group>";
		};
		7C3BFBDF2C8F6A9B00F7F369 = {
			isa = PBXGroup;
			children = (
				7C6D71A72D32349C0090B5AA /* New Group */,
				7C3BFBEA2C8F6A9B00F7F369 /* SubParProject */,
				7C3BFBFB2C8F6A9E00F7F369 /* SubParProjectTests */,
				7C3BFC052C8F6A9E00F7F369 /* SubParProjectUITests */,
				7C3BFBE92C8F6A9B00F7F369 /* Products */,
			);
			sourceTree = "<group>";
		};
		7C3BFBE92C8F6A9B00F7F369 /* Products */ = {
			isa = PBXGroup;
			children = (
				7C3BFBE82C8F6A9B00F7F369 /* SubParProject.app */,
				7C3BFBF82C8F6A9E00F7F369 /* SubParProjectTests.xctest */,
				7C3BFC022C8F6A9E00F7F369 /* SubParProjectUITests.xctest */,
			);
			name = Products;
			sourceTree = "<group>";
		};
		7C3BFBEA2C8F6A9B00F7F369 /* SubParProject */ = {
			isa = PBXGroup;
			children = (
				7CFCECCC2CB62E6400359D20 /* Views */,
				7C3BFBEB2C8F6A9B00F7F369 /* SubParProjectApp.swift */,
				7C3BFBEF2C8F6A9E00F7F369 /* Assets.xcassets */,
				7C3BFBF12C8F6A9E00F7F369 /* Preview Content */,
			);
			path = SubParProject;
			sourceTree = "<group>";
		};
		7C3BFBF12C8F6A9E00F7F369 /* Preview Content */ = {
			isa = PBXGroup;
			children = (
				7C3BFBF22C8F6A9E00F7F369 /* Preview Assets.xcassets */,
			);
			path = "Preview Content";
			sourceTree = "<group>";
		};
		7C3BFBFB2C8F6A9E00F7F369 /* SubParProjectTests */ = {
			isa = PBXGroup;
			children = (
				7C3BFBFC2C8F6A9E00F7F369 /* SubParProjectTests.swift */,
			);
			path = SubParProjectTests;
			sourceTree = "<group>";
		};
		7C3BFC052C8F6A9E00F7F369 /* SubParProjectUITests */ = {
			isa = PBXGroup;
			children = (
				7C3BFC062C8F6A9E00F7F369 /* SubParProjectUITests.swift */,
				7C3BFC082C8F6A9E00F7F369 /* SubParProjectUITestsLaunchTests.swift */,
			);
			path = SubParProjectUITests;
			sourceTree = "<group>";
		};
		7C456C082D34CAAE00F170BF /* StrokeCounter */ = {
			isa = PBXGroup;
			children = (
				7C456C0B2D34CE9200F170BF /* RecordStroke */,
				7C16DAB62D3236160097BFDB /* StrokeCounterView.swift */,
				7C456C092D34CACE00F170BF /* StrokeCounterViewModel.swift */,
			);
			path = StrokeCounter;
			sourceTree = "<group>";
		};
		7C456C0B2D34CE9200F170BF /* RecordStroke */ = {
			isa = PBXGroup;
			children = (
				7C456C0C2D34CEB000F170BF /* RecordStrokeView.swift */,
				7C456C0E2D34DE1C00F170BF /* RecordStrokeViewModel.swift */,
			);
			path = RecordStroke;
			sourceTree = "<group>";
		};
		7C6B0FB52D33BB9E00442195 /* HomeView */ = {
			isa = PBXGroup;
			children = (
				7C3BFBED2C8F6A9B00F7F369 /* HomeView.swift */,
			);
			path = HomeView;
			sourceTree = "<group>";
		};
		7C6D71A72D32349C0090B5AA /* New Group */ = {
			isa = PBXGroup;
			children = (
			);
			path = "New Group";
			sourceTree = "<group>";
		};
		7C7F42992D3CD5F900E9A812 /* UploadScorecard */ = {
			isa = PBXGroup;
			children = (
				7C16DABB2D3236630097BFDB /* UploadScorecardView.swift */,
				7C8CA75F2D3CD86C00F023A8 /* UploadScorecardViewModel.swift */,
			);
			path = UploadScorecard;
			sourceTree = "<group>";
		};
		7C9570522D3F773B005EC722 /* Tabs */ = {
			isa = PBXGroup;
			children = (
				7C021B872D3F7CD100517F23 /* AddedMe */,
				7C9570552D3F7810005EC722 /* AddFriends */,
			);
			path = Tabs;
			sourceTree = "<group>";
		};
		7C9570552D3F7810005EC722 /* AddFriends */ = {
			isa = PBXGroup;
			children = (
				7C9570532D3F7754005EC722 /* AddFriendsView.swift */,
				7C021B8A2D42BA2B00517F23 /* AddFriendsViewModel.swift */,
			);
			path = AddFriends;
			sourceTree = "<group>";
		};
		7CD146252D42E4CD002AF8B5 /* GolferProfile */ = {
			isa = PBXGroup;
			children = (
				7CD146262D42E4EE002AF8B5 /* AddProfileView.swift */,
			);
			path = GolferProfile;
			sourceTree = "<group>";
		};
		7CE0F47B2CB6FC5500094A39 /* LoginView */ = {
			isa = PBXGroup;
			children = (
				7C32472E2CA376A700A26CC7 /* LoginView.swift */,
				7CE0F47C2CB6FD0700094A39 /* LoginViewModel.swift */,
			);
			path = LoginView;
			sourceTree = "<group>";
		};
		7CE9F3E62D3F69F500BEC8D5 /* Social */ = {
			isa = PBXGroup;
			children = (
				7CD146252D42E4CD002AF8B5 /* GolferProfile */,
				7C9570522D3F773B005EC722 /* Tabs */,
				7C16DABE2D3236840097BFDB /* SocialView.swift */,
				7C9570502D3F6AB8005EC722 /* SocialViewModel.swift */,
			);
			path = Social;
			sourceTree = "<group>";
		};
		7CEACB042D3A494D00A1B54B /* StrokeHistory */ = {
			isa = PBXGroup;
			children = (
				7C16DAB82D3236330097BFDB /* StrokeHistoryView.swift */,
				7CEACB052D3A497100A1B54B /* StrokeHistoryViewModel.swift */,
			);
			path = StrokeHistory;
			sourceTree = "<group>";
		};
		7CFCECCC2CB62E6400359D20 /* Views */ = {
			isa = PBXGroup;
			children = (
				7C6B0FB52D33BB9E00442195 /* HomeView */,
				7C16DAB52D3235CD0097BFDB /* MainViews */,
				7CE0F47B2CB6FC5500094A39 /* LoginView */,
				7CFCECD32CB6371D00359D20 /* NavigationManagerView */,
				7CFCECD02CB633C100359D20 /* UserAuth */,
				7CFCECCD2CB62F6300359D20 /* SignupView */,
			);
			path = Views;
			sourceTree = "<group>";
		};
		7CFCECCD2CB62F6300359D20 /* SignupView */ = {
			isa = PBXGroup;
			children = (
				7C32472C2CA36DAE00A26CC7 /* SignupView.swift */,
				7CFCECCE2CB62F9C00359D20 /* SignupViewModel.swift */,
			);
			path = SignupView;
			sourceTree = "<group>";
		};
		7CFCECD02CB633C100359D20 /* UserAuth */ = {
			isa = PBXGroup;
			children = (
				7CFCECD12CB633DF00359D20 /* UserAuth.swift */,
			);
			path = UserAuth;
			sourceTree = "<group>";
		};
		7CFCECD32CB6371D00359D20 /* NavigationManagerView */ = {
			isa = PBXGroup;
			children = (
				7CFCECD42CB6373900359D20 /* NavigationManagerView.swift */,
				7CFCECD62CB6375000359D20 /* NavigationManagerViewModel.swift */,
			);
			path = NavigationManagerView;
			sourceTree = "<group>";
		};
/* End PBXGroup section */

/* Begin PBXNativeTarget section */
		7C3BFBE72C8F6A9B00F7F369 /* SubParProject */ = {
			isa = PBXNativeTarget;
			buildConfigurationList = 7C3BFC0C2C8F6A9E00F7F369 /* Build configuration list for PBXNativeTarget "SubParProject" */;
			buildPhases = (
				7C3BFBE42C8F6A9B00F7F369 /* Sources */,
				7C3BFBE52C8F6A9B00F7F369 /* Frameworks */,
				7C3BFBE62C8F6A9B00F7F369 /* Resources */,
			);
			buildRules = (
			);
			dependencies = (
			);
			name = SubParProject;
			productName = SubParProject;
			productReference = 7C3BFBE82C8F6A9B00F7F369 /* SubParProject.app */;
			productType = "com.apple.product-type.application";
		};
		7C3BFBF72C8F6A9E00F7F369 /* SubParProjectTests */ = {
			isa = PBXNativeTarget;
			buildConfigurationList = 7C3BFC0F2C8F6A9E00F7F369 /* Build configuration list for PBXNativeTarget "SubParProjectTests" */;
			buildPhases = (
				7C3BFBF42C8F6A9E00F7F369 /* Sources */,
				7C3BFBF52C8F6A9E00F7F369 /* Frameworks */,
				7C3BFBF62C8F6A9E00F7F369 /* Resources */,
			);
			buildRules = (
			);
			dependencies = (
				7C3BFBFA2C8F6A9E00F7F369 /* PBXTargetDependency */,
			);
			name = SubParProjectTests;
			productName = SubParProjectTests;
			productReference = 7C3BFBF82C8F6A9E00F7F369 /* SubParProjectTests.xctest */;
			productType = "com.apple.product-type.bundle.unit-test";
		};
		7C3BFC012C8F6A9E00F7F369 /* SubParProjectUITests */ = {
			isa = PBXNativeTarget;
			buildConfigurationList = 7C3BFC122C8F6A9E00F7F369 /* Build configuration list for PBXNativeTarget "SubParProjectUITests" */;
			buildPhases = (
				7C3BFBFE2C8F6A9E00F7F369 /* Sources */,
				7C3BFBFF2C8F6A9E00F7F369 /* Frameworks */,
				7C3BFC002C8F6A9E00F7F369 /* Resources */,
			);
			buildRules = (
			);
			dependencies = (
				7C3BFC042C8F6A9E00F7F369 /* PBXTargetDependency */,
			);
			name = SubParProjectUITests;
			productName = SubParProjectUITests;
			productReference = 7C3BFC022C8F6A9E00F7F369 /* SubParProjectUITests.xctest */;
			productType = "com.apple.product-type.bundle.ui-testing";
		};
/* End PBXNativeTarget section */

/* Begin PBXProject section */
		7C3BFBE02C8F6A9B00F7F369 /* Project object */ = {
			isa = PBXProject;
			attributes = {
				BuildIndependentTargetsInParallel = 1;
				LastSwiftUpdateCheck = 1430;
				LastUpgradeCheck = 1430;
				TargetAttributes = {
					7C3BFBE72C8F6A9B00F7F369 = {
						CreatedOnToolsVersion = 14.3;
					};
					7C3BFBF72C8F6A9E00F7F369 = {
						CreatedOnToolsVersion = 14.3;
						TestTargetID = 7C3BFBE72C8F6A9B00F7F369;
					};
					7C3BFC012C8F6A9E00F7F369 = {
						CreatedOnToolsVersion = 14.3;
						TestTargetID = 7C3BFBE72C8F6A9B00F7F369;
					};
				};
			};
			buildConfigurationList = 7C3BFBE32C8F6A9B00F7F369 /* Build configuration list for PBXProject "SubParProject" */;
			compatibilityVersion = "Xcode 14.0";
			developmentRegion = en;
			hasScannedForEncodings = 0;
			knownRegions = (
				en,
				Base,
			);
			mainGroup = 7C3BFBDF2C8F6A9B00F7F369;
			productRefGroup = 7C3BFBE92C8F6A9B00F7F369 /* Products */;
			projectDirPath = "";
			projectRoot = "";
			targets = (
				7C3BFBE72C8F6A9B00F7F369 /* SubParProject */,
				7C3BFBF72C8F6A9E00F7F369 /* SubParProjectTests */,
				7C3BFC012C8F6A9E00F7F369 /* SubParProjectUITests */,
			);
		};
/* End PBXProject section */

/* Begin PBXResourcesBuildPhase section */
		7C3BFBE62C8F6A9B00F7F369 /* Resources */ = {
			isa = PBXResourcesBuildPhase;
			buildActionMask = 2147483647;
			files = (
				7C3BFBF32C8F6A9E00F7F369 /* Preview Assets.xcassets in Resources */,
				7C3BFBF02C8F6A9E00F7F369 /* Assets.xcassets in Resources */,
			);
			runOnlyForDeploymentPostprocessing = 0;
		};
		7C3BFBF62C8F6A9E00F7F369 /* Resources */ = {
			isa = PBXResourcesBuildPhase;
			buildActionMask = 2147483647;
			files = (
			);
			runOnlyForDeploymentPostprocessing = 0;
		};
		7C3BFC002C8F6A9E00F7F369 /* Resources */ = {
			isa = PBXResourcesBuildPhase;
			buildActionMask = 2147483647;
			files = (
			);
			runOnlyForDeploymentPostprocessing = 0;
		};
/* End PBXResourcesBuildPhase section */

/* Begin PBXSourcesBuildPhase section */
		7C3BFBE42C8F6A9B00F7F369 /* Sources */ = {
			isa = PBXSourcesBuildPhase;
			buildActionMask = 2147483647;
			files = (
				7C8CA7602D3CD86C00F023A8 /* UploadScorecardViewModel.swift in Sources */,
				7CFCECD72CB6375000359D20 /* NavigationManagerViewModel.swift in Sources */,
				7CFCECCF2CB62F9C00359D20 /* SignupViewModel.swift in Sources */,
				7C32472D2CA36DAE00A26CC7 /* SignupView.swift in Sources */,
				7C456C0D2D34CEB000F170BF /* RecordStrokeView.swift in Sources */,
				7C021B892D3F7CEF00517F23 /* AddedMeView.swift in Sources */,
				7C3BFBEE2C8F6A9B00F7F369 /* HomeView.swift in Sources */,
				7C32472F2CA376A700A26CC7 /* LoginView.swift in Sources */,
				7C9570512D3F6AB8005EC722 /* SocialViewModel.swift in Sources */,
				7CFCECD52CB6373900359D20 /* NavigationManagerView.swift in Sources */,
				7C021B8B2D42BA2B00517F23 /* AddFriendsViewModel.swift in Sources */,
				7C456C0F2D34DE1C00F170BF /* RecordStrokeViewModel.swift in Sources */,
				7CFCECCB2CB60AE500359D20 /* MainView.swift in Sources */,
				7C16DAB92D3236330097BFDB /* StrokeHistoryView.swift in Sources */,
				7C3BFBEC2C8F6A9B00F7F369 /* SubParProjectApp.swift in Sources */,
				7C16DAB72D3236160097BFDB /* StrokeCounterView.swift in Sources */,
				7CE0F47D2CB6FD0700094A39 /* LoginViewModel.swift in Sources */,
				7CEACB062D3A497100A1B54B /* StrokeHistoryViewModel.swift in Sources */,
				7C9570542D3F7754005EC722 /* AddFriendsView.swift in Sources */,
				7C16DABC2D3236630097BFDB /* UploadScorecardView.swift in Sources */,
				7CD146272D42E4EE002AF8B5 /* AddProfileView.swift in Sources */,
				7C456C0A2D34CACE00F170BF /* StrokeCounterViewModel.swift in Sources */,
				7CFCECD22CB633DF00359D20 /* UserAuth.swift in Sources */,
				7C16DABF2D3236840097BFDB /* SocialView.swift in Sources */,
			);
			runOnlyForDeploymentPostprocessing = 0;
		};
		7C3BFBF42C8F6A9E00F7F369 /* Sources */ = {
			isa = PBXSourcesBuildPhase;
			buildActionMask = 2147483647;
			files = (
				7C3BFBFD2C8F6A9E00F7F369 /* SubParProjectTests.swift in Sources */,
			);
			runOnlyForDeploymentPostprocessing = 0;
		};
		7C3BFBFE2C8F6A9E00F7F369 /* Sources */ = {
			isa = PBXSourcesBuildPhase;
			buildActionMask = 2147483647;
			files = (
				7C3BFC072C8F6A9E00F7F369 /* SubParProjectUITests.swift in Sources */,
				7C3BFC092C8F6A9E00F7F369 /* SubParProjectUITestsLaunchTests.swift in Sources */,
			);
			runOnlyForDeploymentPostprocessing = 0;
		};
/* End PBXSourcesBuildPhase section */

/* Begin PBXTargetDependency section */
		7C3BFBFA2C8F6A9E00F7F369 /* PBXTargetDependency */ = {
			isa = PBXTargetDependency;
			target = 7C3BFBE72C8F6A9B00F7F369 /* SubParProject */;
			targetProxy = 7C3BFBF92C8F6A9E00F7F369 /* PBXContainerItemProxy */;
		};
		7C3BFC042C8F6A9E00F7F369 /* PBXTargetDependency */ = {
			isa = PBXTargetDependency;
			target = 7C3BFBE72C8F6A9B00F7F369 /* SubParProject */;
			targetProxy = 7C3BFC032C8F6A9E00F7F369 /* PBXContainerItemProxy */;
		};
/* End PBXTargetDependency section */

/* Begin XCBuildConfiguration section */
		7C3BFC0A2C8F6A9E00F7F369 /* Debug */ = {
			isa = XCBuildConfiguration;
			buildSettings = {
				ALWAYS_SEARCH_USER_PATHS = NO;
				CLANG_ANALYZER_NONNULL = YES;
				CLANG_ANALYZER_NUMBER_OBJECT_CONVERSION = YES_AGGRESSIVE;
				CLANG_CXX_LANGUAGE_STANDARD = "gnu++20";
				CLANG_ENABLE_MODULES = YES;
				CLANG_ENABLE_OBJC_ARC = YES;
				CLANG_ENABLE_OBJC_WEAK = YES;
				CLANG_WARN_BLOCK_CAPTURE_AUTORELEASING = YES;
				CLANG_WARN_BOOL_CONVERSION = YES;
				CLANG_WARN_COMMA = YES;
				CLANG_WARN_CONSTANT_CONVERSION = YES;
				CLANG_WARN_DEPRECATED_OBJC_IMPLEMENTATIONS = YES;
				CLANG_WARN_DIRECT_OBJC_ISA_USAGE = YES_ERROR;
				CLANG_WARN_DOCUMENTATION_COMMENTS = YES;
				CLANG_WARN_EMPTY_BODY = YES;
				CLANG_WARN_ENUM_CONVERSION = YES;
				CLANG_WARN_INFINITE_RECURSION = YES;
				CLANG_WARN_INT_CONVERSION = YES;
				CLANG_WARN_NON_LITERAL_NULL_CONVERSION = YES;
				CLANG_WARN_OBJC_IMPLICIT_RETAIN_SELF = YES;
				CLANG_WARN_OBJC_LITERAL_CONVERSION = YES;
				CLANG_WARN_OBJC_ROOT_CLASS = YES_ERROR;
				CLANG_WARN_QUOTED_INCLUDE_IN_FRAMEWORK_HEADER = YES;
				CLANG_WARN_RANGE_LOOP_ANALYSIS = YES;
				CLANG_WARN_STRICT_PROTOTYPES = YES;
				CLANG_WARN_SUSPICIOUS_MOVE = YES;
				CLANG_WARN_UNGUARDED_AVAILABILITY = YES_AGGRESSIVE;
				CLANG_WARN_UNREACHABLE_CODE = YES;
				CLANG_WARN__DUPLICATE_METHOD_MATCH = YES;
				COPY_PHASE_STRIP = NO;
				DEBUG_INFORMATION_FORMAT = dwarf;
				ENABLE_STRICT_OBJC_MSGSEND = YES;
				ENABLE_TESTABILITY = YES;
				GCC_C_LANGUAGE_STANDARD = gnu11;
				GCC_DYNAMIC_NO_PIC = NO;
				GCC_NO_COMMON_BLOCKS = YES;
				GCC_OPTIMIZATION_LEVEL = 0;
				GCC_PREPROCESSOR_DEFINITIONS = (
					"DEBUG=1",
					"$(inherited)",
				);
				GCC_WARN_64_TO_32_BIT_CONVERSION = YES;
				GCC_WARN_ABOUT_RETURN_TYPE = YES_ERROR;
				GCC_WARN_UNDECLARED_SELECTOR = YES;
				GCC_WARN_UNINITIALIZED_AUTOS = YES_AGGRESSIVE;
				GCC_WARN_UNUSED_FUNCTION = YES;
				GCC_WARN_UNUSED_VARIABLE = YES;
				IPHONEOS_DEPLOYMENT_TARGET = 16.4;
				MTL_ENABLE_DEBUG_INFO = INCLUDE_SOURCE;
				MTL_FAST_MATH = YES;
				ONLY_ACTIVE_ARCH = YES;
				SDKROOT = iphoneos;
				SWIFT_ACTIVE_COMPILATION_CONDITIONS = DEBUG;
				SWIFT_OPTIMIZATION_LEVEL = "-Onone";
			};
			name = Debug;
		};
		7C3BFC0B2C8F6A9E00F7F369 /* Release */ = {
			isa = XCBuildConfiguration;
			buildSettings = {
				ALWAYS_SEARCH_USER_PATHS = NO;
				CLANG_ANALYZER_NONNULL = YES;
				CLANG_ANALYZER_NUMBER_OBJECT_CONVERSION = YES_AGGRESSIVE;
				CLANG_CXX_LANGUAGE_STANDARD = "gnu++20";
				CLANG_ENABLE_MODULES = YES;
				CLANG_ENABLE_OBJC_ARC = YES;
				CLANG_ENABLE_OBJC_WEAK = YES;
				CLANG_WARN_BLOCK_CAPTURE_AUTORELEASING = YES;
				CLANG_WARN_BOOL_CONVERSION = YES;
				CLANG_WARN_COMMA = YES;
				CLANG_WARN_CONSTANT_CONVERSION = YES;
				CLANG_WARN_DEPRECATED_OBJC_IMPLEMENTATIONS = YES;
				CLANG_WARN_DIRECT_OBJC_ISA_USAGE = YES_ERROR;
				CLANG_WARN_DOCUMENTATION_COMMENTS = YES;
				CLANG_WARN_EMPTY_BODY = YES;
				CLANG_WARN_ENUM_CONVERSION = YES;
				CLANG_WARN_INFINITE_RECURSION = YES;
				CLANG_WARN_INT_CONVERSION = YES;
				CLANG_WARN_NON_LITERAL_NULL_CONVERSION = YES;
				CLANG_WARN_OBJC_IMPLICIT_RETAIN_SELF = YES;
				CLANG_WARN_OBJC_LITERAL_CONVERSION = YES;
				CLANG_WARN_OBJC_ROOT_CLASS = YES_ERROR;
				CLANG_WARN_QUOTED_INCLUDE_IN_FRAMEWORK_HEADER = YES;
				CLANG_WARN_RANGE_LOOP_ANALYSIS = YES;
				CLANG_WARN_STRICT_PROTOTYPES = YES;
				CLANG_WARN_SUSPICIOUS_MOVE = YES;
				CLANG_WARN_UNGUARDED_AVAILABILITY = YES_AGGRESSIVE;
				CLANG_WARN_UNREACHABLE_CODE = YES;
				CLANG_WARN__DUPLICATE_METHOD_MATCH = YES;
				COPY_PHASE_STRIP = NO;
				DEBUG_INFORMATION_FORMAT = "dwarf-with-dsym";
				ENABLE_NS_ASSERTIONS = NO;
				ENABLE_STRICT_OBJC_MSGSEND = YES;
				GCC_C_LANGUAGE_STANDARD = gnu11;
				GCC_NO_COMMON_BLOCKS = YES;
				GCC_WARN_64_TO_32_BIT_CONVERSION = YES;
				GCC_WARN_ABOUT_RETURN_TYPE = YES_ERROR;
				GCC_WARN_UNDECLARED_SELECTOR = YES;
				GCC_WARN_UNINITIALIZED_AUTOS = YES_AGGRESSIVE;
				GCC_WARN_UNUSED_FUNCTION = YES;
				GCC_WARN_UNUSED_VARIABLE = YES;
				IPHONEOS_DEPLOYMENT_TARGET = 16.4;
				MTL_ENABLE_DEBUG_INFO = NO;
				MTL_FAST_MATH = YES;
				SDKROOT = iphoneos;
				SWIFT_COMPILATION_MODE = wholemodule;
				SWIFT_OPTIMIZATION_LEVEL = "-O";
				VALIDATE_PRODUCT = YES;
			};
			name = Release;
		};
		7C3BFC0D2C8F6A9E00F7F369 /* Debug */ = {
			isa = XCBuildConfiguration;
			buildSettings = {
				ASSETCATALOG_COMPILER_APPICON_NAME = AppIcon;
				ASSETCATALOG_COMPILER_GLOBAL_ACCENT_COLOR_NAME = AccentColor;
				CODE_SIGN_STYLE = Automatic;
				CURRENT_PROJECT_VERSION = 1;
				DEVELOPMENT_ASSET_PATHS = "\"SubParProject/Preview Content\"";
				ENABLE_PREVIEWS = YES;
				GENERATE_INFOPLIST_FILE = YES;
				INFOPLIST_KEY_UIApplicationSceneManifest_Generation = YES;
				INFOPLIST_KEY_UIApplicationSupportsIndirectInputEvents = YES;
				INFOPLIST_KEY_UILaunchScreen_Generation = YES;
				INFOPLIST_KEY_UISupportedInterfaceOrientations_iPad = "UIInterfaceOrientationPortrait UIInterfaceOrientationPortraitUpsideDown UIInterfaceOrientationLandscapeLeft UIInterfaceOrientationLandscapeRight";
				INFOPLIST_KEY_UISupportedInterfaceOrientations_iPhone = "UIInterfaceOrientationPortrait UIInterfaceOrientationLandscapeLeft UIInterfaceOrientationLandscapeRight";
				LD_RUNPATH_SEARCH_PATHS = (
					"$(inherited)",
					"@executable_path/Frameworks",
				);
				MARKETING_VERSION = 1.0;
				PRODUCT_BUNDLE_IDENTIFIER = Owen.SubParProject;
				PRODUCT_NAME = "$(TARGET_NAME)";
				SWIFT_EMIT_LOC_STRINGS = YES;
				SWIFT_VERSION = 5.0;
				TARGETED_DEVICE_FAMILY = "1,2";
			};
			name = Debug;
		};
		7C3BFC0E2C8F6A9E00F7F369 /* Release */ = {
			isa = XCBuildConfiguration;
			buildSettings = {
				ASSETCATALOG_COMPILER_APPICON_NAME = AppIcon;
				ASSETCATALOG_COMPILER_GLOBAL_ACCENT_COLOR_NAME = AccentColor;
				CODE_SIGN_STYLE = Automatic;
				CURRENT_PROJECT_VERSION = 1;
				DEVELOPMENT_ASSET_PATHS = "\"SubParProject/Preview Content\"";
				ENABLE_PREVIEWS = YES;
				GENERATE_INFOPLIST_FILE = YES;
				INFOPLIST_KEY_UIApplicationSceneManifest_Generation = YES;
				INFOPLIST_KEY_UIApplicationSupportsIndirectInputEvents = YES;
				INFOPLIST_KEY_UILaunchScreen_Generation = YES;
				INFOPLIST_KEY_UISupportedInterfaceOrientations_iPad = "UIInterfaceOrientationPortrait UIInterfaceOrientationPortraitUpsideDown UIInterfaceOrientationLandscapeLeft UIInterfaceOrientationLandscapeRight";
				INFOPLIST_KEY_UISupportedInterfaceOrientations_iPhone = "UIInterfaceOrientationPortrait UIInterfaceOrientationLandscapeLeft UIInterfaceOrientationLandscapeRight";
				LD_RUNPATH_SEARCH_PATHS = (
					"$(inherited)",
					"@executable_path/Frameworks",
				);
				MARKETING_VERSION = 1.0;
				PRODUCT_BUNDLE_IDENTIFIER = Owen.SubParProject;
				PRODUCT_NAME = "$(TARGET_NAME)";
				SWIFT_EMIT_LOC_STRINGS = YES;
				SWIFT_VERSION = 5.0;
				TARGETED_DEVICE_FAMILY = "1,2";
			};
			name = Release;
		};
		7C3BFC102C8F6A9E00F7F369 /* Debug */ = {
			isa = XCBuildConfiguration;
			buildSettings = {
				ALWAYS_EMBED_SWIFT_STANDARD_LIBRARIES = YES;
				BUNDLE_LOADER = "$(TEST_HOST)";
				CODE_SIGN_STYLE = Automatic;
				CURRENT_PROJECT_VERSION = 1;
				GENERATE_INFOPLIST_FILE = YES;
				IPHONEOS_DEPLOYMENT_TARGET = 16.4;
				MARKETING_VERSION = 1.0;
				PRODUCT_BUNDLE_IDENTIFIER = Owen.SubParProjectTests;
				PRODUCT_NAME = "$(TARGET_NAME)";
				SWIFT_EMIT_LOC_STRINGS = NO;
				SWIFT_VERSION = 5.0;
				TARGETED_DEVICE_FAMILY = "1,2";
				TEST_HOST = "$(BUILT_PRODUCTS_DIR)/SubParProject.app/$(BUNDLE_EXECUTABLE_FOLDER_PATH)/SubParProject";
			};
			name = Debug;
		};
		7C3BFC112C8F6A9E00F7F369 /* Release */ = {
			isa = XCBuildConfiguration;
			buildSettings = {
				ALWAYS_EMBED_SWIFT_STANDARD_LIBRARIES = YES;
				BUNDLE_LOADER = "$(TEST_HOST)";
				CODE_SIGN_STYLE = Automatic;
				CURRENT_PROJECT_VERSION = 1;
				GENERATE_INFOPLIST_FILE = YES;
				IPHONEOS_DEPLOYMENT_TARGET = 16.4;
				MARKETING_VERSION = 1.0;
				PRODUCT_BUNDLE_IDENTIFIER = Owen.SubParProjectTests;
				PRODUCT_NAME = "$(TARGET_NAME)";
				SWIFT_EMIT_LOC_STRINGS = NO;
				SWIFT_VERSION = 5.0;
				TARGETED_DEVICE_FAMILY = "1,2";
				TEST_HOST = "$(BUILT_PRODUCTS_DIR)/SubParProject.app/$(BUNDLE_EXECUTABLE_FOLDER_PATH)/SubParProject";
			};
			name = Release;
		};
		7C3BFC132C8F6A9E00F7F369 /* Debug */ = {
			isa = XCBuildConfiguration;
			buildSettings = {
				ALWAYS_EMBED_SWIFT_STANDARD_LIBRARIES = YES;
				CODE_SIGN_STYLE = Automatic;
				CURRENT_PROJECT_VERSION = 1;
				GENERATE_INFOPLIST_FILE = YES;
				MARKETING_VERSION = 1.0;
				PRODUCT_BUNDLE_IDENTIFIER = Owen.SubParProjectUITests;
				PRODUCT_NAME = "$(TARGET_NAME)";
				SWIFT_EMIT_LOC_STRINGS = NO;
				SWIFT_VERSION = 5.0;
				TARGETED_DEVICE_FAMILY = "1,2";
				TEST_TARGET_NAME = SubParProject;
			};
			name = Debug;
		};
		7C3BFC142C8F6A9E00F7F369 /* Release */ = {
			isa = XCBuildConfiguration;
			buildSettings = {
				ALWAYS_EMBED_SWIFT_STANDARD_LIBRARIES = YES;
				CODE_SIGN_STYLE = Automatic;
				CURRENT_PROJECT_VERSION = 1;
				GENERATE_INFOPLIST_FILE = YES;
				MARKETING_VERSION = 1.0;
				PRODUCT_BUNDLE_IDENTIFIER = Owen.SubParProjectUITests;
				PRODUCT_NAME = "$(TARGET_NAME)";
				SWIFT_EMIT_LOC_STRINGS = NO;
				SWIFT_VERSION = 5.0;
				TARGETED_DEVICE_FAMILY = "1,2";
				TEST_TARGET_NAME = SubParProject;
			};
			name = Release;
		};
/* End XCBuildConfiguration section */

/* Begin XCConfigurationList section */
		7C3BFBE32C8F6A9B00F7F369 /* Build configuration list for PBXProject "SubParProject" */ = {
			isa = XCConfigurationList;
			buildConfigurations = (
				7C3BFC0A2C8F6A9E00F7F369 /* Debug */,
				7C3BFC0B2C8F6A9E00F7F369 /* Release */,
			);
			defaultConfigurationIsVisible = 0;
			defaultConfigurationName = Release;
		};
		7C3BFC0C2C8F6A9E00F7F369 /* Build configuration list for PBXNativeTarget "SubParProject" */ = {
			isa = XCConfigurationList;
			buildConfigurations = (
				7C3BFC0D2C8F6A9E00F7F369 /* Debug */,
				7C3BFC0E2C8F6A9E00F7F369 /* Release */,
			);
			defaultConfigurationIsVisible = 0;
			defaultConfigurationName = Release;
		};
		7C3BFC0F2C8F6A9E00F7F369 /* Build configuration list for PBXNativeTarget "SubParProjectTests" */ = {
			isa = XCConfigurationList;
			buildConfigurations = (
				7C3BFC102C8F6A9E00F7F369 /* Debug */,
				7C3BFC112C8F6A9E00F7F369 /* Release */,
			);
			defaultConfigurationIsVisible = 0;
			defaultConfigurationName = Release;
		};
		7C3BFC122C8F6A9E00F7F369 /* Build configuration list for PBXNativeTarget "SubParProjectUITests" */ = {
			isa = XCConfigurationList;
			buildConfigurations = (
				7C3BFC132C8F6A9E00F7F369 /* Debug */,
				7C3BFC142C8F6A9E00F7F369 /* Release */,
			);
			defaultConfigurationIsVisible = 0;
			defaultConfigurationName = Release;
		};
/* End XCConfigurationList section */
	};
	rootObject = 7C3BFBE02C8F6A9B00F7F369 /* Project object */;
}
